# @generated by Move, please check-in and do not edit manually.

[move]
version = 3
manifest_digest = "C2A37699C482CD00C42D94B93D03980882E5BC0D6983C43371948631188F94E1"
deps_digest = "F9B494B64F0615AED0E98FC12A85B85ECD2BC5185C22D30E7F67786BB52E507C"
dependencies = [
  { id = "Iota", name = "Iota" },
  { id = "IotaSystem", name = "IotaSystem" },
  { id = "MoveStdlib", name = "MoveStdlib" },
  { id = "Stardust", name = "Stardust" },
]

[[move.package]]
id = "Iota"
source = { git = "https://github.com/iotaledger/iota.git", rev = "b1b37ed9d5ff64cbbfb3aa1ebd9b9431a0337311", subdir = "crates/iota-framework/packages/iota-framework" }

dependencies = [
  { id = "MoveStdlib", name = "MoveStdlib" },
]

[[move.package]]
id = "IotaSystem"
source = { git = "https://github.com/iotaledger/iota.git", rev = "b1b37ed9d5ff64cbbfb3aa1ebd9b9431a0337311", subdir = "crates/iota-framework/packages/iota-system" }

dependencies = [
  { id = "Iota", name = "Iota" },
  { id = "MoveStdlib", name = "MoveStdlib" },
]

[[move.package]]
id = "MoveStdlib"
source = { git = "https://github.com/iotaledger/iota.git", rev = "b1b37ed9d5ff64cbbfb3aa1ebd9b9431a0337311", subdir = "crates/iota-framework/packages/move-stdlib" }

[[move.package]]
id = "Stardust"
source = { git = "https://github.com/iotaledger/iota.git", rev = "b1b37ed9d5ff64cbbfb3aa1ebd9b9431a0337311", subdir = "crates/iota-framework/packages/stardust" }

dependencies = [
  { id = "Iota", name = "Iota" },
  { id = "MoveStdlib", name = "MoveStdlib" },
]

[move.toolchain-version]
compiler-version = "1.19.1-rc"
edition = "2024.beta"
flavor = "iota"

[env]

[env.mainnet]
chain-id = "6364aad5"
original-published-id = "0xdc217c59c2995f2e40452852cb11a1de7a05e5ba3eddadae1d093ff6678a20cf"
latest-published-id = "0xdc217c59c2995f2e40452852cb11a1de7a05e5ba3eddadae1d093ff6678a20cf"
published-version = "1"
